// !$*UTF8*$!
{
	archiveVersion = 1;
	classes = {
	};
	objectVersion = 46;
	objects = {

/* Begin PBXAggregateTarget section */
		FA0F22F1153FD9540085BCAE /* mogenerator */ = {
			isa = PBXAggregateTarget;
			buildConfigurationList = FA0F22F2153FD9540085BCAE /* Build configuration list for PBXAggregateTarget "mogenerator" */;
			buildPhases = (
				FA0F22F9153FD9600085BCAE /* ShellScript */,
			);
			dependencies = (
			);
			name = mogenerator;
			productName = mogenerator;
		};
/* End PBXAggregateTarget section */

/* Begin PBXBuildFile section */
		FA03D381153F5F540065ECCF /* UIKit.framework in Frameworks */ = {isa = PBXBuildFile; fileRef = FA03D380153F5F540065ECCF /* UIKit.framework */; };
		FA03D383153F5F540065ECCF /* Foundation.framework in Frameworks */ = {isa = PBXBuildFile; fileRef = FA03D382153F5F540065ECCF /* Foundation.framework */; };
		FA03D385153F5F540065ECCF /* CoreGraphics.framework in Frameworks */ = {isa = PBXBuildFile; fileRef = FA03D384153F5F540065ECCF /* CoreGraphics.framework */; };
		FA03D387153F5F540065ECCF /* CoreData.framework in Frameworks */ = {isa = PBXBuildFile; fileRef = FA03D386153F5F540065ECCF /* CoreData.framework */; };
		FA03D38D153F5F540065ECCF /* InfoPlist.strings in Resources */ = {isa = PBXBuildFile; fileRef = FA03D38B153F5F540065ECCF /* InfoPlist.strings */; };
		FA03D38F153F5F540065ECCF /* main.m in Sources */ = {isa = PBXBuildFile; fileRef = FA03D38E153F5F540065ECCF /* main.m */; };
		FA03D393153F5F540065ECCF /* AppDelegate.m in Sources */ = {isa = PBXBuildFile; fileRef = FA03D392153F5F540065ECCF /* AppDelegate.m */; };
		FA03D396153F5F540065ECCF /* TicketManager.xcdatamodeld in Sources */ = {isa = PBXBuildFile; fileRef = FA03D394153F5F540065ECCF /* TicketManager.xcdatamodeld */; };
		FA03D399153F5F540065ECCF /* MasterViewController.m in Sources */ = {isa = PBXBuildFile; fileRef = FA03D398153F5F540065ECCF /* MasterViewController.m */; };
		FA03D39C153F5F540065ECCF /* DetailViewController.m in Sources */ = {isa = PBXBuildFile; fileRef = FA03D39B153F5F540065ECCF /* DetailViewController.m */; };
		FA03D39F153F5F540065ECCF /* MasterViewController.xib in Resources */ = {isa = PBXBuildFile; fileRef = FA03D39D153F5F540065ECCF /* MasterViewController.xib */; };
		FA03D3A2153F5F540065ECCF /* DetailViewController.xib in Resources */ = {isa = PBXBuildFile; fileRef = FA03D3A0153F5F540065ECCF /* DetailViewController.xib */; };
		FA03D3AA153F5F540065ECCF /* SenTestingKit.framework in Frameworks */ = {isa = PBXBuildFile; fileRef = FA03D3A9153F5F540065ECCF /* SenTestingKit.framework */; };
		FA03D3AB153F5F540065ECCF /* UIKit.framework in Frameworks */ = {isa = PBXBuildFile; fileRef = FA03D380153F5F540065ECCF /* UIKit.framework */; };
		FA03D3AC153F5F540065ECCF /* Foundation.framework in Frameworks */ = {isa = PBXBuildFile; fileRef = FA03D382153F5F540065ECCF /* Foundation.framework */; };
		FA03D3AD153F5F540065ECCF /* CoreData.framework in Frameworks */ = {isa = PBXBuildFile; fileRef = FA03D386153F5F540065ECCF /* CoreData.framework */; };
		FA03D3B5153F5F540065ECCF /* InfoPlist.strings in Resources */ = {isa = PBXBuildFile; fileRef = FA03D3B3153F5F540065ECCF /* InfoPlist.strings */; };
		FA03D3B8153F5F540065ECCF /* TicketManagerTests.m in Sources */ = {isa = PBXBuildFile; fileRef = FA03D3B7153F5F540065ECCF /* TicketManagerTests.m */; };
		FA0F22E6153FD31A0085BCAE /* DataAdder.m in Sources */ = {isa = PBXBuildFile; fileRef = FA0F22E5153FD31A0085BCAE /* DataAdder.m */; };
		FA0F2399153FDE870085BCAE /* _Function.m in Sources */ = {isa = PBXBuildFile; fileRef = FA0F237E153FDE870085BCAE /* _Function.m */; };
		FA0F239A153FDE870085BCAE /* _Genre.m in Sources */ = {isa = PBXBuildFile; fileRef = FA0F2380153FDE870085BCAE /* _Genre.m */; };
		FA0F239B153FDE870085BCAE /* _Membership.m in Sources */ = {isa = PBXBuildFile; fileRef = FA0F2382153FDE870085BCAE /* _Membership.m */; };
		FA0F239C153FDE870085BCAE /* _Movie.m in Sources */ = {isa = PBXBuildFile; fileRef = FA0F2384153FDE870085BCAE /* _Movie.m */; };
		FA0F239D153FDE870085BCAE /* _Post.m in Sources */ = {isa = PBXBuildFile; fileRef = FA0F2386153FDE870085BCAE /* _Post.m */; };
		FA0F239E153FDE870085BCAE /* _Review.m in Sources */ = {isa = PBXBuildFile; fileRef = FA0F2388153FDE870085BCAE /* _Review.m */; };
		FA0F239F153FDE870085BCAE /* _Screen.m in Sources */ = {isa = PBXBuildFile; fileRef = FA0F238A153FDE870085BCAE /* _Screen.m */; };
		FA0F23A0153FDE870085BCAE /* _Shift.m in Sources */ = {isa = PBXBuildFile; fileRef = FA0F238C153FDE870085BCAE /* _Shift.m */; };
		FA0F23A1153FDE870085BCAE /* _Showing.m in Sources */ = {isa = PBXBuildFile; fileRef = FA0F238E153FDE870085BCAE /* _Showing.m */; };
		FA0F23A2153FDE870085BCAE /* _Staff.m in Sources */ = {isa = PBXBuildFile; fileRef = FA0F2390153FDE870085BCAE /* _Staff.m */; };
		FA0F23A3153FDE870085BCAE /* _Theatre.m in Sources */ = {isa = PBXBuildFile; fileRef = FA0F2392153FDE870085BCAE /* _Theatre.m */; };
		FA0F23A4153FDE870085BCAE /* _Thread.m in Sources */ = {isa = PBXBuildFile; fileRef = FA0F2394153FDE870085BCAE /* _Thread.m */; };
		FA0F23A5153FDE870085BCAE /* _Topic.m in Sources */ = {isa = PBXBuildFile; fileRef = FA0F2396153FDE870085BCAE /* _Topic.m */; };
		FA0F23A6153FDE870085BCAE /* _User.m in Sources */ = {isa = PBXBuildFile; fileRef = FA0F2398153FDE870085BCAE /* _User.m */; };
		FA0F23C3153FDEA00085BCAE /* Function.m in Sources */ = {isa = PBXBuildFile; fileRef = FA0F23A8153FDEA00085BCAE /* Function.m */; };
		FA0F23C4153FDEA00085BCAE /* Genre.m in Sources */ = {isa = PBXBuildFile; fileRef = FA0F23AA153FDEA00085BCAE /* Genre.m */; };
		FA0F23C5153FDEA00085BCAE /* Membership.m in Sources */ = {isa = PBXBuildFile; fileRef = FA0F23AC153FDEA00085BCAE /* Membership.m */; };
		FA0F23C6153FDEA00085BCAE /* Movie.m in Sources */ = {isa = PBXBuildFile; fileRef = FA0F23AE153FDEA00085BCAE /* Movie.m */; };
		FA0F23C7153FDEA00085BCAE /* Post.m in Sources */ = {isa = PBXBuildFile; fileRef = FA0F23B0153FDEA00085BCAE /* Post.m */; };
		FA0F23C8153FDEA00085BCAE /* Review.m in Sources */ = {isa = PBXBuildFile; fileRef = FA0F23B2153FDEA00085BCAE /* Review.m */; };
		FA0F23C9153FDEA00085BCAE /* Screen.m in Sources */ = {isa = PBXBuildFile; fileRef = FA0F23B4153FDEA00085BCAE /* Screen.m */; };
		FA0F23CA153FDEA00085BCAE /* Shift.m in Sources */ = {isa = PBXBuildFile; fileRef = FA0F23B6153FDEA00085BCAE /* Shift.m */; };
		FA0F23CB153FDEA00085BCAE /* Showing.m in Sources */ = {isa = PBXBuildFile; fileRef = FA0F23B8153FDEA00085BCAE /* Showing.m */; };
		FA0F23CC153FDEA00085BCAE /* Staff.m in Sources */ = {isa = PBXBuildFile; fileRef = FA0F23BA153FDEA00085BCAE /* Staff.m */; };
		FA0F23CD153FDEA00085BCAE /* Theatre.m in Sources */ = {isa = PBXBuildFile; fileRef = FA0F23BC153FDEA00085BCAE /* Theatre.m */; };
		FA0F23CE153FDEA00085BCAE /* Thread.m in Sources */ = {isa = PBXBuildFile; fileRef = FA0F23BE153FDEA00085BCAE /* Thread.m */; };
		FA0F23CF153FDEA00085BCAE /* Topic.m in Sources */ = {isa = PBXBuildFile; fileRef = FA0F23C0153FDEA00085BCAE /* Topic.m */; };
		FA0F23D0153FDEA00085BCAE /* User.m in Sources */ = {isa = PBXBuildFile; fileRef = FA0F23C2153FDEA00085BCAE /* User.m */; };
		FA23C39A154C5D15002BF2D8 /* LoginViewController.m in Sources */ = {isa = PBXBuildFile; fileRef = FA23C398154C5D15002BF2D8 /* LoginViewController.m */; };
		FA23C39B154C5D15002BF2D8 /* LoginViewController.xib in Resources */ = {isa = PBXBuildFile; fileRef = FA23C399154C5D15002BF2D8 /* LoginViewController.xib */; };
		FA23C3BF154CA6F4002BF2D8 /* MapKit.framework in Frameworks */ = {isa = PBXBuildFile; fileRef = FA23C3BE154CA6F4002BF2D8 /* MapKit.framework */; };
		FA23C3C1154CA6FC002BF2D8 /* CoreLocation.framework in Frameworks */ = {isa = PBXBuildFile; fileRef = FA23C3C0154CA6FC002BF2D8 /* CoreLocation.framework */; };
		FA23C3C2154CA704002BF2D8 /* libQuickDialog.a in Frameworks */ = {isa = PBXBuildFile; fileRef = FA23C3BB154CA6CC002BF2D8 /* libQuickDialog.a */; };
		FA66832E1544BD4F0053B6A4 /* ObjectListViewController.m in Sources */ = {isa = PBXBuildFile; fileRef = FA66832D1544BD4F0053B6A4 /* ObjectListViewController.m */; };
		FA96B3EE154FA71300DC54D1 /* TheatreViewController.m in Sources */ = {isa = PBXBuildFile; fileRef = FA96B3EC154FA71300DC54D1 /* TheatreViewController.m */; };
		FA96B3EF154FA71300DC54D1 /* TheatreViewController.xib in Resources */ = {isa = PBXBuildFile; fileRef = FA96B3ED154FA71300DC54D1 /* TheatreViewController.xib */; };
		FA96B3F3154FB26700DC54D1 /* ReviewViewController.m in Sources */ = {isa = PBXBuildFile; fileRef = FA96B3F1154FB26600DC54D1 /* ReviewViewController.m */; };
		FA96B3F4154FB26700DC54D1 /* ReviewViewController.xib in Resources */ = {isa = PBXBuildFile; fileRef = FA96B3F2154FB26600DC54D1 /* ReviewViewController.xib */; };
		FA96B3F8154FB88300DC54D1 /* ShowingViewController.m in Sources */ = {isa = PBXBuildFile; fileRef = FA96B3F6154FB88200DC54D1 /* ShowingViewController.m */; };
		FA96B3F9154FB88300DC54D1 /* ShowingViewController.xib in Resources */ = {isa = PBXBuildFile; fileRef = FA96B3F7154FB88200DC54D1 /* ShowingViewController.xib */; };
		FADB8CF5154DAEEF00F0D175 /* UserHomepageViewController.m in Sources */ = {isa = PBXBuildFile; fileRef = FADB8CF3154DAEEF00F0D175 /* UserHomepageViewController.m */; };
		FADB8CF6154DAEEF00F0D175 /* UserHomepageViewController.xib in Resources */ = {isa = PBXBuildFile; fileRef = FADB8CF4154DAEEF00F0D175 /* UserHomepageViewController.xib */; };
		FAE5F6D4154F80CA0066C686 /* QueryListViewController.m in Sources */ = {isa = PBXBuildFile; fileRef = FAE5F6D2154F80CA0066C686 /* QueryListViewController.m */; };
		FAE5F6DB154F81FE0066C686 /* QueryDetailViewController.m in Sources */ = {isa = PBXBuildFile; fileRef = FAE5F6D9154F81FE0066C686 /* QueryDetailViewController.m */; };
		FAE5F6DC154F81FE0066C686 /* QueryDetailViewController.xib in Resources */ = {isa = PBXBuildFile; fileRef = FAE5F6DA154F81FE0066C686 /* QueryDetailViewController.xib */; };
		FAE8173E154E12D800254C82 /* ManagementViewController.m in Sources */ = {isa = PBXBuildFile; fileRef = FAE8173C154E12D800254C82 /* ManagementViewController.m */; };
		FAE8173F154E12D800254C82 /* ManagementViewController.xib in Resources */ = {isa = PBXBuildFile; fileRef = FAE8173D154E12D800254C82 /* ManagementViewController.xib */; };
		FAE81743154E565C00254C82 /* MovieViewController.m in Sources */ = {isa = PBXBuildFile; fileRef = FAE81741154E565B00254C82 /* MovieViewController.m */; };
		FAE81744154E565C00254C82 /* MovieViewController.xib in Resources */ = {isa = PBXBuildFile; fileRef = FAE81742154E565B00254C82 /* MovieViewController.xib */; };
/* End PBXBuildFile section */

/* Begin PBXContainerItemProxy section */
		FA03D3AE153F5F540065ECCF /* PBXContainerItemProxy */ = {
			isa = PBXContainerItemProxy;
			containerPortal = FA03D373153F5F540065ECCF /* Project object */;
			proxyType = 1;
			remoteGlobalIDString = FA03D37B153F5F540065ECCF;
			remoteInfo = TicketManager;
		};
		FA23C3B8154CA6CC002BF2D8 /* PBXContainerItemProxy */ = {
			isa = PBXContainerItemProxy;
			containerPortal = FA23C3AF154CA6CC002BF2D8 /* QuickDialog.xcodeproj */;
			proxyType = 2;
			remoteGlobalIDString = D80B0E3313E052DF00FA85CA;
			remoteInfo = QuickDialogExample;
		};
		FA23C3BA154CA6CC002BF2D8 /* PBXContainerItemProxy */ = {
			isa = PBXContainerItemProxy;
			containerPortal = FA23C3AF154CA6CC002BF2D8 /* QuickDialog.xcodeproj */;
			proxyType = 2;
			remoteGlobalIDString = 2C542393145ADEBD0026A152;
			remoteInfo = QuickDialog;
		};
		FA23C3BC154CA6E5002BF2D8 /* PBXContainerItemProxy */ = {
			isa = PBXContainerItemProxy;
			containerPortal = FA23C3AF154CA6CC002BF2D8 /* QuickDialog.xcodeproj */;
			proxyType = 1;
			remoteGlobalIDString = 2C542392145ADEBD0026A152;
			remoteInfo = QuickDialog;
		};
/* End PBXContainerItemProxy section */

/* Begin PBXFileReference section */
		FA03D37C153F5F540065ECCF /* TicketManager.app */ = {isa = PBXFileReference; explicitFileType = wrapper.application; includeInIndex = 0; path = TicketManager.app; sourceTree = BUILT_PRODUCTS_DIR; };
		FA03D380153F5F540065ECCF /* UIKit.framework */ = {isa = PBXFileReference; lastKnownFileType = wrapper.framework; name = UIKit.framework; path = System/Library/Frameworks/UIKit.framework; sourceTree = SDKROOT; };
		FA03D382153F5F540065ECCF /* Foundation.framework */ = {isa = PBXFileReference; lastKnownFileType = wrapper.framework; name = Foundation.framework; path = System/Library/Frameworks/Foundation.framework; sourceTree = SDKROOT; };
		FA03D384153F5F540065ECCF /* CoreGraphics.framework */ = {isa = PBXFileReference; lastKnownFileType = wrapper.framework; name = CoreGraphics.framework; path = System/Library/Frameworks/CoreGraphics.framework; sourceTree = SDKROOT; };
		FA03D386153F5F540065ECCF /* CoreData.framework */ = {isa = PBXFileReference; lastKnownFileType = wrapper.framework; name = CoreData.framework; path = System/Library/Frameworks/CoreData.framework; sourceTree = SDKROOT; };
		FA03D38A153F5F540065ECCF /* TicketManager-Info.plist */ = {isa = PBXFileReference; lastKnownFileType = text.plist.xml; path = "TicketManager-Info.plist"; sourceTree = "<group>"; };
		FA03D38C153F5F540065ECCF /* en */ = {isa = PBXFileReference; lastKnownFileType = text.plist.strings; name = en; path = en.lproj/InfoPlist.strings; sourceTree = "<group>"; };
		FA03D38E153F5F540065ECCF /* main.m */ = {isa = PBXFileReference; lastKnownFileType = sourcecode.c.objc; path = main.m; sourceTree = "<group>"; };
		FA03D390153F5F540065ECCF /* TicketManager-Prefix.pch */ = {isa = PBXFileReference; lastKnownFileType = sourcecode.c.h; path = "TicketManager-Prefix.pch"; sourceTree = "<group>"; };
		FA03D391153F5F540065ECCF /* AppDelegate.h */ = {isa = PBXFileReference; lastKnownFileType = sourcecode.c.h; path = AppDelegate.h; sourceTree = "<group>"; };
		FA03D392153F5F540065ECCF /* AppDelegate.m */ = {isa = PBXFileReference; lastKnownFileType = sourcecode.c.objc; path = AppDelegate.m; sourceTree = "<group>"; };
		FA03D395153F5F540065ECCF /* TicketManager.xcdatamodel */ = {isa = PBXFileReference; lastKnownFileType = wrapper.xcdatamodel; path = TicketManager.xcdatamodel; sourceTree = "<group>"; };
		FA03D397153F5F540065ECCF /* MasterViewController.h */ = {isa = PBXFileReference; lastKnownFileType = sourcecode.c.h; path = MasterViewController.h; sourceTree = "<group>"; };
		FA03D398153F5F540065ECCF /* MasterViewController.m */ = {isa = PBXFileReference; lastKnownFileType = sourcecode.c.objc; path = MasterViewController.m; sourceTree = "<group>"; };
		FA03D39A153F5F540065ECCF /* DetailViewController.h */ = {isa = PBXFileReference; lastKnownFileType = sourcecode.c.h; path = DetailViewController.h; sourceTree = "<group>"; };
		FA03D39B153F5F540065ECCF /* DetailViewController.m */ = {isa = PBXFileReference; lastKnownFileType = sourcecode.c.objc; path = DetailViewController.m; sourceTree = "<group>"; };
		FA03D39E153F5F540065ECCF /* en */ = {isa = PBXFileReference; lastKnownFileType = file.xib; name = en; path = en.lproj/MasterViewController.xib; sourceTree = "<group>"; };
		FA03D3A1153F5F540065ECCF /* en */ = {isa = PBXFileReference; lastKnownFileType = file.xib; name = en; path = en.lproj/DetailViewController.xib; sourceTree = "<group>"; };
		FA03D3A8153F5F540065ECCF /* TicketManagerTests.octest */ = {isa = PBXFileReference; explicitFileType = wrapper.cfbundle; includeInIndex = 0; path = TicketManagerTests.octest; sourceTree = BUILT_PRODUCTS_DIR; };
		FA03D3A9153F5F540065ECCF /* SenTestingKit.framework */ = {isa = PBXFileReference; lastKnownFileType = wrapper.framework; name = SenTestingKit.framework; path = Library/Frameworks/SenTestingKit.framework; sourceTree = DEVELOPER_DIR; };
		FA03D3B2153F5F540065ECCF /* TicketManagerTests-Info.plist */ = {isa = PBXFileReference; lastKnownFileType = text.plist.xml; path = "TicketManagerTests-Info.plist"; sourceTree = "<group>"; };
		FA03D3B4153F5F540065ECCF /* en */ = {isa = PBXFileReference; lastKnownFileType = text.plist.strings; name = en; path = en.lproj/InfoPlist.strings; sourceTree = "<group>"; };
		FA03D3B6153F5F540065ECCF /* TicketManagerTests.h */ = {isa = PBXFileReference; lastKnownFileType = sourcecode.c.h; path = TicketManagerTests.h; sourceTree = "<group>"; };
		FA03D3B7153F5F540065ECCF /* TicketManagerTests.m */ = {isa = PBXFileReference; lastKnownFileType = sourcecode.c.objc; path = TicketManagerTests.m; sourceTree = "<group>"; };
		FA0F22E4153FD31A0085BCAE /* DataAdder.h */ = {isa = PBXFileReference; fileEncoding = 4; lastKnownFileType = sourcecode.c.h; path = DataAdder.h; sourceTree = "<group>"; };
		FA0F22E5153FD31A0085BCAE /* DataAdder.m */ = {isa = PBXFileReference; fileEncoding = 4; lastKnownFileType = sourcecode.c.objc; path = DataAdder.m; sourceTree = "<group>"; };
		FA0F237D153FDE870085BCAE /* _Function.h */ = {isa = PBXFileReference; fileEncoding = 4; lastKnownFileType = sourcecode.c.h; name = _Function.h; path = Model/_Function.h; sourceTree = "<group>"; };
		FA0F237E153FDE870085BCAE /* _Function.m */ = {isa = PBXFileReference; fileEncoding = 4; lastKnownFileType = sourcecode.c.objc; name = _Function.m; path = Model/_Function.m; sourceTree = "<group>"; };
		FA0F237F153FDE870085BCAE /* _Genre.h */ = {isa = PBXFileReference; fileEncoding = 4; lastKnownFileType = sourcecode.c.h; name = _Genre.h; path = Model/_Genre.h; sourceTree = "<group>"; };
		FA0F2380153FDE870085BCAE /* _Genre.m */ = {isa = PBXFileReference; fileEncoding = 4; lastKnownFileType = sourcecode.c.objc; name = _Genre.m; path = Model/_Genre.m; sourceTree = "<group>"; };
		FA0F2381153FDE870085BCAE /* _Membership.h */ = {isa = PBXFileReference; fileEncoding = 4; lastKnownFileType = sourcecode.c.h; name = _Membership.h; path = Model/_Membership.h; sourceTree = "<group>"; };
		FA0F2382153FDE870085BCAE /* _Membership.m */ = {isa = PBXFileReference; fileEncoding = 4; lastKnownFileType = sourcecode.c.objc; name = _Membership.m; path = Model/_Membership.m; sourceTree = "<group>"; };
		FA0F2383153FDE870085BCAE /* _Movie.h */ = {isa = PBXFileReference; fileEncoding = 4; lastKnownFileType = sourcecode.c.h; name = _Movie.h; path = Model/_Movie.h; sourceTree = "<group>"; };
		FA0F2384153FDE870085BCAE /* _Movie.m */ = {isa = PBXFileReference; fileEncoding = 4; lastKnownFileType = sourcecode.c.objc; name = _Movie.m; path = Model/_Movie.m; sourceTree = "<group>"; };
		FA0F2385153FDE870085BCAE /* _Post.h */ = {isa = PBXFileReference; fileEncoding = 4; lastKnownFileType = sourcecode.c.h; name = _Post.h; path = Model/_Post.h; sourceTree = "<group>"; };
		FA0F2386153FDE870085BCAE /* _Post.m */ = {isa = PBXFileReference; fileEncoding = 4; lastKnownFileType = sourcecode.c.objc; name = _Post.m; path = Model/_Post.m; sourceTree = "<group>"; };
		FA0F2387153FDE870085BCAE /* _Review.h */ = {isa = PBXFileReference; fileEncoding = 4; lastKnownFileType = sourcecode.c.h; name = _Review.h; path = Model/_Review.h; sourceTree = "<group>"; };
		FA0F2388153FDE870085BCAE /* _Review.m */ = {isa = PBXFileReference; fileEncoding = 4; lastKnownFileType = sourcecode.c.objc; name = _Review.m; path = Model/_Review.m; sourceTree = "<group>"; };
		FA0F2389153FDE870085BCAE /* _Screen.h */ = {isa = PBXFileReference; fileEncoding = 4; lastKnownFileType = sourcecode.c.h; name = _Screen.h; path = Model/_Screen.h; sourceTree = "<group>"; };
		FA0F238A153FDE870085BCAE /* _Screen.m */ = {isa = PBXFileReference; fileEncoding = 4; lastKnownFileType = sourcecode.c.objc; name = _Screen.m; path = Model/_Screen.m; sourceTree = "<group>"; };
		FA0F238B153FDE870085BCAE /* _Shift.h */ = {isa = PBXFileReference; fileEncoding = 4; lastKnownFileType = sourcecode.c.h; name = _Shift.h; path = Model/_Shift.h; sourceTree = "<group>"; };
		FA0F238C153FDE870085BCAE /* _Shift.m */ = {isa = PBXFileReference; fileEncoding = 4; lastKnownFileType = sourcecode.c.objc; name = _Shift.m; path = Model/_Shift.m; sourceTree = "<group>"; };
		FA0F238D153FDE870085BCAE /* _Showing.h */ = {isa = PBXFileReference; fileEncoding = 4; lastKnownFileType = sourcecode.c.h; name = _Showing.h; path = Model/_Showing.h; sourceTree = "<group>"; };
		FA0F238E153FDE870085BCAE /* _Showing.m */ = {isa = PBXFileReference; fileEncoding = 4; lastKnownFileType = sourcecode.c.objc; name = _Showing.m; path = Model/_Showing.m; sourceTree = "<group>"; };
		FA0F238F153FDE870085BCAE /* _Staff.h */ = {isa = PBXFileReference; fileEncoding = 4; lastKnownFileType = sourcecode.c.h; name = _Staff.h; path = Model/_Staff.h; sourceTree = "<group>"; };
		FA0F2390153FDE870085BCAE /* _Staff.m */ = {isa = PBXFileReference; fileEncoding = 4; lastKnownFileType = sourcecode.c.objc; name = _Staff.m; path = Model/_Staff.m; sourceTree = "<group>"; };
		FA0F2391153FDE870085BCAE /* _Theatre.h */ = {isa = PBXFileReference; fileEncoding = 4; lastKnownFileType = sourcecode.c.h; name = _Theatre.h; path = Model/_Theatre.h; sourceTree = "<group>"; };
		FA0F2392153FDE870085BCAE /* _Theatre.m */ = {isa = PBXFileReference; fileEncoding = 4; lastKnownFileType = sourcecode.c.objc; name = _Theatre.m; path = Model/_Theatre.m; sourceTree = "<group>"; };
		FA0F2393153FDE870085BCAE /* _Thread.h */ = {isa = PBXFileReference; fileEncoding = 4; lastKnownFileType = sourcecode.c.h; name = _Thread.h; path = Model/_Thread.h; sourceTree = "<group>"; };
		FA0F2394153FDE870085BCAE /* _Thread.m */ = {isa = PBXFileReference; fileEncoding = 4; lastKnownFileType = sourcecode.c.objc; name = _Thread.m; path = Model/_Thread.m; sourceTree = "<group>"; };
		FA0F2395153FDE870085BCAE /* _Topic.h */ = {isa = PBXFileReference; fileEncoding = 4; lastKnownFileType = sourcecode.c.h; name = _Topic.h; path = Model/_Topic.h; sourceTree = "<group>"; };
		FA0F2396153FDE870085BCAE /* _Topic.m */ = {isa = PBXFileReference; fileEncoding = 4; lastKnownFileType = sourcecode.c.objc; name = _Topic.m; path = Model/_Topic.m; sourceTree = "<group>"; };
		FA0F2397153FDE870085BCAE /* _User.h */ = {isa = PBXFileReference; fileEncoding = 4; lastKnownFileType = sourcecode.c.h; name = _User.h; path = Model/_User.h; sourceTree = "<group>"; };
		FA0F2398153FDE870085BCAE /* _User.m */ = {isa = PBXFileReference; fileEncoding = 4; lastKnownFileType = sourcecode.c.objc; name = _User.m; path = Model/_User.m; sourceTree = "<group>"; };
		FA0F23A7153FDEA00085BCAE /* Function.h */ = {isa = PBXFileReference; fileEncoding = 4; lastKnownFileType = sourcecode.c.h; name = Function.h; path = Model/Function.h; sourceTree = "<group>"; };
		FA0F23A8153FDEA00085BCAE /* Function.m */ = {isa = PBXFileReference; fileEncoding = 4; lastKnownFileType = sourcecode.c.objc; name = Function.m; path = Model/Function.m; sourceTree = "<group>"; };
		FA0F23A9153FDEA00085BCAE /* Genre.h */ = {isa = PBXFileReference; fileEncoding = 4; lastKnownFileType = sourcecode.c.h; name = Genre.h; path = Model/Genre.h; sourceTree = "<group>"; };
		FA0F23AA153FDEA00085BCAE /* Genre.m */ = {isa = PBXFileReference; fileEncoding = 4; lastKnownFileType = sourcecode.c.objc; name = Genre.m; path = Model/Genre.m; sourceTree = "<group>"; };
		FA0F23AB153FDEA00085BCAE /* Membership.h */ = {isa = PBXFileReference; fileEncoding = 4; lastKnownFileType = sourcecode.c.h; name = Membership.h; path = Model/Membership.h; sourceTree = "<group>"; };
		FA0F23AC153FDEA00085BCAE /* Membership.m */ = {isa = PBXFileReference; fileEncoding = 4; lastKnownFileType = sourcecode.c.objc; name = Membership.m; path = Model/Membership.m; sourceTree = "<group>"; };
		FA0F23AD153FDEA00085BCAE /* Movie.h */ = {isa = PBXFileReference; fileEncoding = 4; lastKnownFileType = sourcecode.c.h; name = Movie.h; path = Model/Movie.h; sourceTree = "<group>"; };
		FA0F23AE153FDEA00085BCAE /* Movie.m */ = {isa = PBXFileReference; fileEncoding = 4; lastKnownFileType = sourcecode.c.objc; name = Movie.m; path = Model/Movie.m; sourceTree = "<group>"; };
		FA0F23AF153FDEA00085BCAE /* Post.h */ = {isa = PBXFileReference; fileEncoding = 4; lastKnownFileType = sourcecode.c.h; name = Post.h; path = Model/Post.h; sourceTree = "<group>"; };
		FA0F23B0153FDEA00085BCAE /* Post.m */ = {isa = PBXFileReference; fileEncoding = 4; lastKnownFileType = sourcecode.c.objc; name = Post.m; path = Model/Post.m; sourceTree = "<group>"; };
		FA0F23B1153FDEA00085BCAE /* Review.h */ = {isa = PBXFileReference; fileEncoding = 4; lastKnownFileType = sourcecode.c.h; name = Review.h; path = Model/Review.h; sourceTree = "<group>"; };
		FA0F23B2153FDEA00085BCAE /* Review.m */ = {isa = PBXFileReference; fileEncoding = 4; lastKnownFileType = sourcecode.c.objc; name = Review.m; path = Model/Review.m; sourceTree = "<group>"; };
		FA0F23B3153FDEA00085BCAE /* Screen.h */ = {isa = PBXFileReference; fileEncoding = 4; lastKnownFileType = sourcecode.c.h; name = Screen.h; path = Model/Screen.h; sourceTree = "<group>"; };
		FA0F23B4153FDEA00085BCAE /* Screen.m */ = {isa = PBXFileReference; fileEncoding = 4; lastKnownFileType = sourcecode.c.objc; name = Screen.m; path = Model/Screen.m; sourceTree = "<group>"; };
		FA0F23B5153FDEA00085BCAE /* Shift.h */ = {isa = PBXFileReference; fileEncoding = 4; lastKnownFileType = sourcecode.c.h; name = Shift.h; path = Model/Shift.h; sourceTree = "<group>"; };
		FA0F23B6153FDEA00085BCAE /* Shift.m */ = {isa = PBXFileReference; fileEncoding = 4; lastKnownFileType = sourcecode.c.objc; name = Shift.m; path = Model/Shift.m; sourceTree = "<group>"; };
		FA0F23B7153FDEA00085BCAE /* Showing.h */ = {isa = PBXFileReference; fileEncoding = 4; lastKnownFileType = sourcecode.c.h; name = Showing.h; path = Model/Showing.h; sourceTree = "<group>"; };
		FA0F23B8153FDEA00085BCAE /* Showing.m */ = {isa = PBXFileReference; fileEncoding = 4; lastKnownFileType = sourcecode.c.objc; name = Showing.m; path = Model/Showing.m; sourceTree = "<group>"; };
		FA0F23B9153FDEA00085BCAE /* Staff.h */ = {isa = PBXFileReference; fileEncoding = 4; lastKnownFileType = sourcecode.c.h; name = Staff.h; path = Model/Staff.h; sourceTree = "<group>"; };
		FA0F23BA153FDEA00085BCAE /* Staff.m */ = {isa = PBXFileReference; fileEncoding = 4; lastKnownFileType = sourcecode.c.objc; name = Staff.m; path = Model/Staff.m; sourceTree = "<group>"; };
		FA0F23BB153FDEA00085BCAE /* Theatre.h */ = {isa = PBXFileReference; fileEncoding = 4; lastKnownFileType = sourcecode.c.h; name = Theatre.h; path = Model/Theatre.h; sourceTree = "<group>"; };
		FA0F23BC153FDEA00085BCAE /* Theatre.m */ = {isa = PBXFileReference; fileEncoding = 4; lastKnownFileType = sourcecode.c.objc; name = Theatre.m; path = Model/Theatre.m; sourceTree = "<group>"; };
		FA0F23BD153FDEA00085BCAE /* Thread.h */ = {isa = PBXFileReference; fileEncoding = 4; lastKnownFileType = sourcecode.c.h; name = Thread.h; path = Model/Thread.h; sourceTree = "<group>"; };
		FA0F23BE153FDEA00085BCAE /* Thread.m */ = {isa = PBXFileReference; fileEncoding = 4; lastKnownFileType = sourcecode.c.objc; name = Thread.m; path = Model/Thread.m; sourceTree = "<group>"; };
		FA0F23BF153FDEA00085BCAE /* Topic.h */ = {isa = PBXFileReference; fileEncoding = 4; lastKnownFileType = sourcecode.c.h; name = Topic.h; path = Model/Topic.h; sourceTree = "<group>"; };
		FA0F23C0153FDEA00085BCAE /* Topic.m */ = {isa = PBXFileReference; fileEncoding = 4; lastKnownFileType = sourcecode.c.objc; name = Topic.m; path = Model/Topic.m; sourceTree = "<group>"; };
		FA0F23C1153FDEA00085BCAE /* User.h */ = {isa = PBXFileReference; fileEncoding = 4; lastKnownFileType = sourcecode.c.h; name = User.h; path = Model/User.h; sourceTree = "<group>"; };
		FA0F23C2153FDEA00085BCAE /* User.m */ = {isa = PBXFileReference; fileEncoding = 4; lastKnownFileType = sourcecode.c.objc; name = User.m; path = Model/User.m; sourceTree = "<group>"; };
		FA23C397154C5D15002BF2D8 /* LoginViewController.h */ = {isa = PBXFileReference; fileEncoding = 4; lastKnownFileType = sourcecode.c.h; path = LoginViewController.h; sourceTree = "<group>"; };
		FA23C398154C5D15002BF2D8 /* LoginViewController.m */ = {isa = PBXFileReference; fileEncoding = 4; lastKnownFileType = sourcecode.c.objc; path = LoginViewController.m; sourceTree = "<group>"; };
		FA23C399154C5D15002BF2D8 /* LoginViewController.xib */ = {isa = PBXFileReference; fileEncoding = 4; lastKnownFileType = file.xib; path = LoginViewController.xib; sourceTree = "<group>"; };
		FA23C3AF154CA6CC002BF2D8 /* QuickDialog.xcodeproj */ = {isa = PBXFileReference; lastKnownFileType = "wrapper.pb-project"; name = QuickDialog.xcodeproj; path = QuickDialog/QuickDialog.xcodeproj; sourceTree = SOURCE_ROOT; };
		FA23C3BE154CA6F4002BF2D8 /* MapKit.framework */ = {isa = PBXFileReference; lastKnownFileType = wrapper.framework; name = MapKit.framework; path = System/Library/Frameworks/MapKit.framework; sourceTree = SDKROOT; };
		FA23C3C0154CA6FC002BF2D8 /* CoreLocation.framework */ = {isa = PBXFileReference; lastKnownFileType = wrapper.framework; name = CoreLocation.framework; path = System/Library/Frameworks/CoreLocation.framework; sourceTree = SDKROOT; };
		FA66832C1544BD4F0053B6A4 /* ObjectListViewController.h */ = {isa = PBXFileReference; fileEncoding = 4; lastKnownFileType = sourcecode.c.h; path = ObjectListViewController.h; sourceTree = "<group>"; };
		FA66832D1544BD4F0053B6A4 /* ObjectListViewController.m */ = {isa = PBXFileReference; fileEncoding = 4; lastKnownFileType = sourcecode.c.objc; path = ObjectListViewController.m; sourceTree = "<group>"; };
		FA96B3EB154FA71300DC54D1 /* TheatreViewController.h */ = {isa = PBXFileReference; fileEncoding = 4; lastKnownFileType = sourcecode.c.h; path = TheatreViewController.h; sourceTree = "<group>"; };
		FA96B3EC154FA71300DC54D1 /* TheatreViewController.m */ = {isa = PBXFileReference; fileEncoding = 4; lastKnownFileType = sourcecode.c.objc; path = TheatreViewController.m; sourceTree = "<group>"; };
		FA96B3ED154FA71300DC54D1 /* TheatreViewController.xib */ = {isa = PBXFileReference; fileEncoding = 4; lastKnownFileType = file.xib; path = TheatreViewController.xib; sourceTree = "<group>"; };
		FA96B3F0154FB26600DC54D1 /* ReviewViewController.h */ = {isa = PBXFileReference; fileEncoding = 4; lastKnownFileType = sourcecode.c.h; path = ReviewViewController.h; sourceTree = "<group>"; };
		FA96B3F1154FB26600DC54D1 /* ReviewViewController.m */ = {isa = PBXFileReference; fileEncoding = 4; lastKnownFileType = sourcecode.c.objc; path = ReviewViewController.m; sourceTree = "<group>"; };
		FA96B3F2154FB26600DC54D1 /* ReviewViewController.xib */ = {isa = PBXFileReference; fileEncoding = 4; lastKnownFileType = file.xib; path = ReviewViewController.xib; sourceTree = "<group>"; };
		FA96B3F5154FB88200DC54D1 /* ShowingViewController.h */ = {isa = PBXFileReference; fileEncoding = 4; lastKnownFileType = sourcecode.c.h; path = ShowingViewController.h; sourceTree = "<group>"; };
		FA96B3F6154FB88200DC54D1 /* ShowingViewController.m */ = {isa = PBXFileReference; fileEncoding = 4; lastKnownFileType = sourcecode.c.objc; path = ShowingViewController.m; sourceTree = "<group>"; };
		FA96B3F7154FB88200DC54D1 /* ShowingViewController.xib */ = {isa = PBXFileReference; fileEncoding = 4; lastKnownFileType = file.xib; path = ShowingViewController.xib; sourceTree = "<group>"; };
		FADB8CF2154DAEEF00F0D175 /* UserHomepageViewController.h */ = {isa = PBXFileReference; fileEncoding = 4; lastKnownFileType = sourcecode.c.h; path = UserHomepageViewController.h; sourceTree = "<group>"; };
		FADB8CF3154DAEEF00F0D175 /* UserHomepageViewController.m */ = {isa = PBXFileReference; fileEncoding = 4; lastKnownFileType = sourcecode.c.objc; path = UserHomepageViewController.m; sourceTree = "<group>"; };
		FADB8CF4154DAEEF00F0D175 /* UserHomepageViewController.xib */ = {isa = PBXFileReference; fileEncoding = 4; lastKnownFileType = file.xib; path = UserHomepageViewController.xib; sourceTree = "<group>"; };
		FAE5F6D1154F80CA0066C686 /* QueryListViewController.h */ = {isa = PBXFileReference; fileEncoding = 4; lastKnownFileType = sourcecode.c.h; path = QueryListViewController.h; sourceTree = "<group>"; };
		FAE5F6D2154F80CA0066C686 /* QueryListViewController.m */ = {isa = PBXFileReference; fileEncoding = 4; lastKnownFileType = sourcecode.c.objc; path = QueryListViewController.m; sourceTree = "<group>"; };
		FAE5F6D8154F81FE0066C686 /* QueryDetailViewController.h */ = {isa = PBXFileReference; fileEncoding = 4; lastKnownFileType = sourcecode.c.h; path = QueryDetailViewController.h; sourceTree = "<group>"; };
		FAE5F6D9154F81FE0066C686 /* QueryDetailViewController.m */ = {isa = PBXFileReference; fileEncoding = 4; lastKnownFileType = sourcecode.c.objc; path = QueryDetailViewController.m; sourceTree = "<group>"; };
		FAE5F6DA154F81FE0066C686 /* QueryDetailViewController.xib */ = {isa = PBXFileReference; fileEncoding = 4; lastKnownFileType = file.xib; path = QueryDetailViewController.xib; sourceTree = "<group>"; };
		FAE8173B154E12D700254C82 /* ManagementViewController.h */ = {isa = PBXFileReference; fileEncoding = 4; lastKnownFileType = sourcecode.c.h; path = ManagementViewController.h; sourceTree = "<group>"; };
		FAE8173C154E12D800254C82 /* ManagementViewController.m */ = {isa = PBXFileReference; fileEncoding = 4; lastKnownFileType = sourcecode.c.objc; path = ManagementViewController.m; sourceTree = "<group>"; };
		FAE8173D154E12D800254C82 /* ManagementViewController.xib */ = {isa = PBXFileReference; fileEncoding = 4; lastKnownFileType = file.xib; path = ManagementViewController.xib; sourceTree = "<group>"; };
		FAE81740154E565A00254C82 /* MovieViewController.h */ = {isa = PBXFileReference; fileEncoding = 4; lastKnownFileType = sourcecode.c.h; path = MovieViewController.h; sourceTree = "<group>"; };
		FAE81741154E565B00254C82 /* MovieViewController.m */ = {isa = PBXFileReference; fileEncoding = 4; lastKnownFileType = sourcecode.c.objc; path = MovieViewController.m; sourceTree = "<group>"; };
		FAE81742154E565B00254C82 /* MovieViewController.xib */ = {isa = PBXFileReference; fileEncoding = 4; lastKnownFileType = file.xib; path = MovieViewController.xib; sourceTree = "<group>"; };
/* End PBXFileReference section */

/* Begin PBXFrameworksBuildPhase section */
		FA03D379153F5F540065ECCF /* Frameworks */ = {
			isa = PBXFrameworksBuildPhase;
			buildActionMask = 2147483647;
			files = (
				FA23C3C2154CA704002BF2D8 /* libQuickDialog.a in Frameworks */,
				FA23C3C1154CA6FC002BF2D8 /* CoreLocation.framework in Frameworks */,
				FA23C3BF154CA6F4002BF2D8 /* MapKit.framework in Frameworks */,
				FA03D381153F5F540065ECCF /* UIKit.framework in Frameworks */,
				FA03D383153F5F540065ECCF /* Foundation.framework in Frameworks */,
				FA03D385153F5F540065ECCF /* CoreGraphics.framework in Frameworks */,
				FA03D387153F5F540065ECCF /* CoreData.framework in Frameworks */,
			);
			runOnlyForDeploymentPostprocessing = 0;
		};
		FA03D3A4153F5F540065ECCF /* Frameworks */ = {
			isa = PBXFrameworksBuildPhase;
			buildActionMask = 2147483647;
			files = (
				FA03D3AA153F5F540065ECCF /* SenTestingKit.framework in Frameworks */,
				FA03D3AB153F5F540065ECCF /* UIKit.framework in Frameworks */,
				FA03D3AC153F5F540065ECCF /* Foundation.framework in Frameworks */,
				FA03D3AD153F5F540065ECCF /* CoreData.framework in Frameworks */,
			);
			runOnlyForDeploymentPostprocessing = 0;
		};
/* End PBXFrameworksBuildPhase section */

/* Begin PBXGroup section */
		FA03D371153F5F540065ECCF = {
			isa = PBXGroup;
			children = (
				FA23C3AF154CA6CC002BF2D8 /* QuickDialog.xcodeproj */,
				FA03D388153F5F540065ECCF /* TicketManager */,
				FA03D3B0153F5F540065ECCF /* TicketManagerTests */,
				FA03D37F153F5F540065ECCF /* Frameworks */,
				FA03D37D153F5F540065ECCF /* Products */,
			);
			sourceTree = "<group>";
		};
		FA03D37D153F5F540065ECCF /* Products */ = {
			isa = PBXGroup;
			children = (
				FA03D37C153F5F540065ECCF /* TicketManager.app */,
				FA03D3A8153F5F540065ECCF /* TicketManagerTests.octest */,
			);
			name = Products;
			sourceTree = "<group>";
		};
		FA03D37F153F5F540065ECCF /* Frameworks */ = {
			isa = PBXGroup;
			children = (
				FA23C3C0154CA6FC002BF2D8 /* CoreLocation.framework */,
				FA23C3BE154CA6F4002BF2D8 /* MapKit.framework */,
				FA03D380153F5F540065ECCF /* UIKit.framework */,
				FA03D382153F5F540065ECCF /* Foundation.framework */,
				FA03D384153F5F540065ECCF /* CoreGraphics.framework */,
				FA03D386153F5F540065ECCF /* CoreData.framework */,
				FA03D3A9153F5F540065ECCF /* SenTestingKit.framework */,
			);
			name = Frameworks;
			sourceTree = "<group>";
		};
		FA03D388153F5F540065ECCF /* TicketManager */ = {
			isa = PBXGroup;
			children = (
				FA03D394153F5F540065ECCF /* TicketManager.xcdatamodeld */,
				FA03D391153F5F540065ECCF /* AppDelegate.h */,
				FA03D392153F5F540065ECCF /* AppDelegate.m */,
				FA0F22E4153FD31A0085BCAE /* DataAdder.h */,
				FA0F22E5153FD31A0085BCAE /* DataAdder.m */,
				FAE5F6D6154F81A70066C686 /* Master */,
				FAE5F6D7154F81B60066C686 /* Detail */,
				FA0F22FB153FDA0E0085BCAE /* Model */,
				FA03D389153F5F540065ECCF /* Supporting Files */,
			);
			path = TicketManager;
			sourceTree = "<group>";
		};
		FA03D389153F5F540065ECCF /* Supporting Files */ = {
			isa = PBXGroup;
			children = (
				FA03D38A153F5F540065ECCF /* TicketManager-Info.plist */,
				FA03D38B153F5F540065ECCF /* InfoPlist.strings */,
				FA03D38E153F5F540065ECCF /* main.m */,
				FA03D390153F5F540065ECCF /* TicketManager-Prefix.pch */,
			);
			name = "Supporting Files";
			sourceTree = "<group>";
		};
		FA03D3B0153F5F540065ECCF /* TicketManagerTests */ = {
			isa = PBXGroup;
			children = (
				FA03D3B6153F5F540065ECCF /* TicketManagerTests.h */,
				FA03D3B7153F5F540065ECCF /* TicketManagerTests.m */,
				FA03D3B1153F5F540065ECCF /* Supporting Files */,
			);
			path = TicketManagerTests;
			sourceTree = "<group>";
		};
		FA03D3B1153F5F540065ECCF /* Supporting Files */ = {
			isa = PBXGroup;
			children = (
				FA03D3B2153F5F540065ECCF /* TicketManagerTests-Info.plist */,
				FA03D3B3153F5F540065ECCF /* InfoPlist.strings */,
			);
			name = "Supporting Files";
			sourceTree = "<group>";
		};
		FA0F22FB153FDA0E0085BCAE /* Model */ = {
			isa = PBXGroup;
			children = (
				FA0F2344153FDA280085BCAE /* Machine */,
				FA0F23A7153FDEA00085BCAE /* Function.h */,
				FA0F23A8153FDEA00085BCAE /* Function.m */,
				FA0F23A9153FDEA00085BCAE /* Genre.h */,
				FA0F23AA153FDEA00085BCAE /* Genre.m */,
				FA0F23AB153FDEA00085BCAE /* Membership.h */,
				FA0F23AC153FDEA00085BCAE /* Membership.m */,
				FA0F23AD153FDEA00085BCAE /* Movie.h */,
				FA0F23AE153FDEA00085BCAE /* Movie.m */,
				FA0F23AF153FDEA00085BCAE /* Post.h */,
				FA0F23B0153FDEA00085BCAE /* Post.m */,
				FA0F23B1153FDEA00085BCAE /* Review.h */,
				FA0F23B2153FDEA00085BCAE /* Review.m */,
				FA0F23B3153FDEA00085BCAE /* Screen.h */,
				FA0F23B4153FDEA00085BCAE /* Screen.m */,
				FA0F23B5153FDEA00085BCAE /* Shift.h */,
				FA0F23B6153FDEA00085BCAE /* Shift.m */,
				FA0F23B7153FDEA00085BCAE /* Showing.h */,
				FA0F23B8153FDEA00085BCAE /* Showing.m */,
				FA0F23B9153FDEA00085BCAE /* Staff.h */,
				FA0F23BA153FDEA00085BCAE /* Staff.m */,
				FA0F23BB153FDEA00085BCAE /* Theatre.h */,
				FA0F23BC153FDEA00085BCAE /* Theatre.m */,
				FA0F23BD153FDEA00085BCAE /* Thread.h */,
				FA0F23BE153FDEA00085BCAE /* Thread.m */,
				FA0F23BF153FDEA00085BCAE /* Topic.h */,
				FA0F23C0153FDEA00085BCAE /* Topic.m */,
				FA0F23C1153FDEA00085BCAE /* User.h */,
				FA0F23C2153FDEA00085BCAE /* User.m */,
			);
			name = Model;
			sourceTree = "<group>";
		};
		FA0F2344153FDA280085BCAE /* Machine */ = {
			isa = PBXGroup;
			children = (
				FA0F237D153FDE870085BCAE /* _Function.h */,
				FA0F237E153FDE870085BCAE /* _Function.m */,
				FA0F237F153FDE870085BCAE /* _Genre.h */,
				FA0F2380153FDE870085BCAE /* _Genre.m */,
				FA0F2381153FDE870085BCAE /* _Membership.h */,
				FA0F2382153FDE870085BCAE /* _Membership.m */,
				FA0F2383153FDE870085BCAE /* _Movie.h */,
				FA0F2384153FDE870085BCAE /* _Movie.m */,
				FA0F2385153FDE870085BCAE /* _Post.h */,
				FA0F2386153FDE870085BCAE /* _Post.m */,
				FA0F2387153FDE870085BCAE /* _Review.h */,
				FA0F2388153FDE870085BCAE /* _Review.m */,
				FA0F2389153FDE870085BCAE /* _Screen.h */,
				FA0F238A153FDE870085BCAE /* _Screen.m */,
				FA0F238B153FDE870085BCAE /* _Shift.h */,
				FA0F238C153FDE870085BCAE /* _Shift.m */,
				FA0F238D153FDE870085BCAE /* _Showing.h */,
				FA0F238E153FDE870085BCAE /* _Showing.m */,
				FA0F238F153FDE870085BCAE /* _Staff.h */,
				FA0F2390153FDE870085BCAE /* _Staff.m */,
				FA0F2391153FDE870085BCAE /* _Theatre.h */,
				FA0F2392153FDE870085BCAE /* _Theatre.m */,
				FA0F2393153FDE870085BCAE /* _Thread.h */,
				FA0F2394153FDE870085BCAE /* _Thread.m */,
				FA0F2395153FDE870085BCAE /* _Topic.h */,
				FA0F2396153FDE870085BCAE /* _Topic.m */,
				FA0F2397153FDE870085BCAE /* _User.h */,
				FA0F2398153FDE870085BCAE /* _User.m */,
			);
			name = Machine;
			sourceTree = "<group>";
		};
		FA23C3B0154CA6CC002BF2D8 /* Products */ = {
			isa = PBXGroup;
			children = (
				FA23C3B9154CA6CC002BF2D8 /* QuickDialogExample.app */,
				FA23C3BB154CA6CC002BF2D8 /* libQuickDialog.a */,
			);
			name = Products;
			sourceTree = "<group>";
		};
		FAE5F6D6154F81A70066C686 /* Master */ = {
			isa = PBXGroup;
			children = (
				FA03D397153F5F540065ECCF /* MasterViewController.h */,
				FA03D398153F5F540065ECCF /* MasterViewController.m */,
				FA03D39D153F5F540065ECCF /* MasterViewController.xib */,
				FA66832C1544BD4F0053B6A4 /* ObjectListViewController.h */,
				FA66832D1544BD4F0053B6A4 /* ObjectListViewController.m */,
				FAE5F6D1154F80CA0066C686 /* QueryListViewController.h */,
				FAE5F6D2154F80CA0066C686 /* QueryListViewController.m */,
			);
			name = Master;
			sourceTree = "<group>";
		};
		FAE5F6D7154F81B60066C686 /* Detail */ = {
			isa = PBXGroup;
			children = (
				FA03D39A153F5F540065ECCF /* DetailViewController.h */,
				FA03D39B153F5F540065ECCF /* DetailViewController.m */,
				FA03D3A0153F5F540065ECCF /* DetailViewController.xib */,
				FA23C397154C5D15002BF2D8 /* LoginViewController.h */,
				FA23C398154C5D15002BF2D8 /* LoginViewController.m */,
				FA23C399154C5D15002BF2D8 /* LoginViewController.xib */,
				FADB8CF2154DAEEF00F0D175 /* UserHomepageViewController.h */,
				FADB8CF3154DAEEF00F0D175 /* UserHomepageViewController.m */,
				FADB8CF4154DAEEF00F0D175 /* UserHomepageViewController.xib */,
				FAE81740154E565A00254C82 /* MovieViewController.h */,
				FAE81741154E565B00254C82 /* MovieViewController.m */,
				FAE81742154E565B00254C82 /* MovieViewController.xib */,
				FA96B3EB154FA71300DC54D1 /* TheatreViewController.h */,
				FA96B3EC154FA71300DC54D1 /* TheatreViewController.m */,
				FA96B3ED154FA71300DC54D1 /* TheatreViewController.xib */,
				FA96B3F5154FB88200DC54D1 /* ShowingViewController.h */,
				FA96B3F6154FB88200DC54D1 /* ShowingViewController.m */,
				FA96B3F7154FB88200DC54D1 /* ShowingViewController.xib */,
				FAE5F6D8154F81FE0066C686 /* QueryDetailViewController.h */,
				FAE5F6D9154F81FE0066C686 /* QueryDetailViewController.m */,
				FAE5F6DA154F81FE0066C686 /* QueryDetailViewController.xib */,
				FAE8173B154E12D700254C82 /* ManagementViewController.h */,
				FAE8173C154E12D800254C82 /* ManagementViewController.m */,
				FAE8173D154E12D800254C82 /* ManagementViewController.xib */,
				FA96B3F0154FB26600DC54D1 /* ReviewViewController.h */,
				FA96B3F1154FB26600DC54D1 /* ReviewViewController.m */,
				FA96B3F2154FB26600DC54D1 /* ReviewViewController.xib */,
			);
			name = Detail;
			sourceTree = "<group>";
		};
/* End PBXGroup section */

/* Begin PBXNativeTarget section */
		FA03D37B153F5F540065ECCF /* TicketManager */ = {
			isa = PBXNativeTarget;
			buildConfigurationList = FA03D3BB153F5F540065ECCF /* Build configuration list for PBXNativeTarget "TicketManager" */;
			buildPhases = (
				FA03D378153F5F540065ECCF /* Sources */,
				FA03D379153F5F540065ECCF /* Frameworks */,
				FA03D37A153F5F540065ECCF /* Resources */,
			);
			buildRules = (
			);
			dependencies = (
				FA23C3BD154CA6E5002BF2D8 /* PBXTargetDependency */,
			);
			name = TicketManager;
			productName = TicketManager;
			productReference = FA03D37C153F5F540065ECCF /* TicketManager.app */;
			productType = "com.apple.product-type.application";
		};
		FA03D3A7153F5F540065ECCF /* TicketManagerTests */ = {
			isa = PBXNativeTarget;
			buildConfigurationList = FA03D3BE153F5F540065ECCF /* Build configuration list for PBXNativeTarget "TicketManagerTests" */;
			buildPhases = (
				FA03D3A3153F5F540065ECCF /* Sources */,
				FA03D3A4153F5F540065ECCF /* Frameworks */,
				FA03D3A5153F5F540065ECCF /* Resources */,
				FA03D3A6153F5F540065ECCF /* ShellScript */,
			);
			buildRules = (
			);
			dependencies = (
				FA03D3AF153F5F540065ECCF /* PBXTargetDependency */,
			);
			name = TicketManagerTests;
			productName = TicketManagerTests;
			productReference = FA03D3A8153F5F540065ECCF /* TicketManagerTests.octest */;
			productType = "com.apple.product-type.bundle";
		};
/* End PBXNativeTarget section */

/* Begin PBXProject section */
		FA03D373153F5F540065ECCF /* Project object */ = {
			isa = PBXProject;
			attributes = {
				LastUpgradeCheck = 0430;
				ORGANIZATIONNAME = "Zwiffer Inc.";
			};
			buildConfigurationList = FA03D376153F5F540065ECCF /* Build configuration list for PBXProject "TicketManager" */;
			compatibilityVersion = "Xcode 3.2";
			developmentRegion = English;
			hasScannedForEncodings = 0;
			knownRegions = (
				en,
			);
			mainGroup = FA03D371153F5F540065ECCF;
			productRefGroup = FA03D37D153F5F540065ECCF /* Products */;
			projectDirPath = "";
			projectReferences = (
				{
					ProductGroup = FA23C3B0154CA6CC002BF2D8 /* Products */;
					ProjectRef = FA23C3AF154CA6CC002BF2D8 /* QuickDialog.xcodeproj */;
				},
			);
			projectRoot = "";
			targets = (
				FA03D37B153F5F540065ECCF /* TicketManager */,
				FA03D3A7153F5F540065ECCF /* TicketManagerTests */,
				FA0F22F1153FD9540085BCAE /* mogenerator */,
			);
		};
/* End PBXProject section */

/* Begin PBXReferenceProxy section */
		FA23C3B9154CA6CC002BF2D8 /* QuickDialogExample.app */ = {
			isa = PBXReferenceProxy;
			fileType = wrapper.application;
			path = QuickDialogExample.app;
			remoteRef = FA23C3B8154CA6CC002BF2D8 /* PBXContainerItemProxy */;
			sourceTree = BUILT_PRODUCTS_DIR;
		};
		FA23C3BB154CA6CC002BF2D8 /* libQuickDialog.a */ = {
			isa = PBXReferenceProxy;
			fileType = archive.ar;
			path = libQuickDialog.a;
			remoteRef = FA23C3BA154CA6CC002BF2D8 /* PBXContainerItemProxy */;
			sourceTree = BUILT_PRODUCTS_DIR;
		};
/* End PBXReferenceProxy section */

/* Begin PBXResourcesBuildPhase section */
		FA03D37A153F5F540065ECCF /* Resources */ = {
			isa = PBXResourcesBuildPhase;
			buildActionMask = 2147483647;
			files = (
				FA03D38D153F5F540065ECCF /* InfoPlist.strings in Resources */,
				FA03D39F153F5F540065ECCF /* MasterViewController.xib in Resources */,
				FA03D3A2153F5F540065ECCF /* DetailViewController.xib in Resources */,
				FA23C39B154C5D15002BF2D8 /* LoginViewController.xib in Resources */,
				FADB8CF6154DAEEF00F0D175 /* UserHomepageViewController.xib in Resources */,
				FAE8173F154E12D800254C82 /* ManagementViewController.xib in Resources */,
				FAE81744154E565C00254C82 /* MovieViewController.xib in Resources */,
				FAE5F6DC154F81FE0066C686 /* QueryDetailViewController.xib in Resources */,
				FA96B3EF154FA71300DC54D1 /* TheatreViewController.xib in Resources */,
				FA96B3F4154FB26700DC54D1 /* ReviewViewController.xib in Resources */,
				FA96B3F9154FB88300DC54D1 /* ShowingViewController.xib in Resources */,
			);
			runOnlyForDeploymentPostprocessing = 0;
		};
		FA03D3A5153F5F540065ECCF /* Resources */ = {
			isa = PBXResourcesBuildPhase;
			buildActionMask = 2147483647;
			files = (
				FA03D3B5153F5F540065ECCF /* InfoPlist.strings in Resources */,
			);
			runOnlyForDeploymentPostprocessing = 0;
		};
/* End PBXResourcesBuildPhase section */

/* Begin PBXShellScriptBuildPhase section */
		FA03D3A6153F5F540065ECCF /* ShellScript */ = {
			isa = PBXShellScriptBuildPhase;
			buildActionMask = 2147483647;
			files = (
			);
			inputPaths = (
			);
			outputPaths = (
			);
			runOnlyForDeploymentPostprocessing = 0;
			shellPath = /bin/sh;
			shellScript = "# Run the unit tests in this test bundle.\n\"${SYSTEM_DEVELOPER_DIR}/Tools/RunUnitTests\"\n";
		};
		FA0F22F9153FD9600085BCAE /* ShellScript */ = {
			isa = PBXShellScriptBuildPhase;
			buildActionMask = 2147483647;
			files = (
			);
			inputPaths = (
			);
			outputPaths = (
			);
			runOnlyForDeploymentPostprocessing = 0;
			shellPath = /bin/sh;
			shellScript = "cd TicketManager\nmogenerator -m TicketManager.xcdatamodeld/TicketManager.xcdatamodel/ --output-dir Model/ --template-var arc=true";
		};
/* End PBXShellScriptBuildPhase section */

/* Begin PBXSourcesBuildPhase section */
		FA03D378153F5F540065ECCF /* Sources */ = {
			isa = PBXSourcesBuildPhase;
			buildActionMask = 2147483647;
			files = (
				FA03D38F153F5F540065ECCF /* main.m in Sources */,
				FA03D393153F5F540065ECCF /* AppDelegate.m in Sources */,
				FA03D396153F5F540065ECCF /* TicketManager.xcdatamodeld in Sources */,
				FA03D399153F5F540065ECCF /* MasterViewController.m in Sources */,
				FA03D39C153F5F540065ECCF /* DetailViewController.m in Sources */,
				FA0F22E6153FD31A0085BCAE /* DataAdder.m in Sources */,
				FA0F2399153FDE870085BCAE /* _Function.m in Sources */,
				FA0F239A153FDE870085BCAE /* _Genre.m in Sources */,
				FA0F239B153FDE870085BCAE /* _Membership.m in Sources */,
				FA0F239C153FDE870085BCAE /* _Movie.m in Sources */,
				FA0F239D153FDE870085BCAE /* _Post.m in Sources */,
				FA0F239E153FDE870085BCAE /* _Review.m in Sources */,
				FA0F239F153FDE870085BCAE /* _Screen.m in Sources */,
				FA0F23A0153FDE870085BCAE /* _Shift.m in Sources */,
				FA0F23A1153FDE870085BCAE /* _Showing.m in Sources */,
				FA0F23A2153FDE870085BCAE /* _Staff.m in Sources */,
				FA0F23A3153FDE870085BCAE /* _Theatre.m in Sources */,
				FA0F23A4153FDE870085BCAE /* _Thread.m in Sources */,
				FA0F23A5153FDE870085BCAE /* _Topic.m in Sources */,
				FA0F23A6153FDE870085BCAE /* _User.m in Sources */,
				FA0F23C3153FDEA00085BCAE /* Function.m in Sources */,
				FA0F23C4153FDEA00085BCAE /* Genre.m in Sources */,
				FA0F23C5153FDEA00085BCAE /* Membership.m in Sources */,
				FA0F23C6153FDEA00085BCAE /* Movie.m in Sources */,
				FA0F23C7153FDEA00085BCAE /* Post.m in Sources */,
				FA0F23C8153FDEA00085BCAE /* Review.m in Sources */,
				FA0F23C9153FDEA00085BCAE /* Screen.m in Sources */,
				FA0F23CA153FDEA00085BCAE /* Shift.m in Sources */,
				FA0F23CB153FDEA00085BCAE /* Showing.m in Sources */,
				FA0F23CC153FDEA00085BCAE /* Staff.m in Sources */,
				FA0F23CD153FDEA00085BCAE /* Theatre.m in Sources */,
				FA0F23CE153FDEA00085BCAE /* Thread.m in Sources */,
				FA0F23CF153FDEA00085BCAE /* Topic.m in Sources */,
				FA0F23D0153FDEA00085BCAE /* User.m in Sources */,
				FA66832E1544BD4F0053B6A4 /* ObjectListViewController.m in Sources */,
				FA23C39A154C5D15002BF2D8 /* LoginViewController.m in Sources */,
				FADB8CF5154DAEEF00F0D175 /* UserHomepageViewController.m in Sources */,
				FAE8173E154E12D800254C82 /* ManagementViewController.m in Sources */,
				FAE81743154E565C00254C82 /* MovieViewController.m in Sources */,
				FAE5F6D4154F80CA0066C686 /* QueryListViewController.m in Sources */,
				FAE5F6DB154F81FE0066C686 /* QueryDetailViewController.m in Sources */,
				FA96B3EE154FA71300DC54D1 /* TheatreViewController.m in Sources */,
				FA96B3F3154FB26700DC54D1 /* ReviewViewController.m in Sources */,
				FA96B3F8154FB88300DC54D1 /* ShowingViewController.m in Sources */,
			);
			runOnlyForDeploymentPostprocessing = 0;
		};
		FA03D3A3153F5F540065ECCF /* Sources */ = {
			isa = PBXSourcesBuildPhase;
			buildActionMask = 2147483647;
			files = (
				FA03D3B8153F5F540065ECCF /* TicketManagerTests.m in Sources */,
			);
			runOnlyForDeploymentPostprocessing = 0;
		};
/* End PBXSourcesBuildPhase section */

/* Begin PBXTargetDependency section */
		FA03D3AF153F5F540065ECCF /* PBXTargetDependency */ = {
			isa = PBXTargetDependency;
			target = FA03D37B153F5F540065ECCF /* TicketManager */;
			targetProxy = FA03D3AE153F5F540065ECCF /* PBXContainerItemProxy */;
		};
		FA23C3BD154CA6E5002BF2D8 /* PBXTargetDependency */ = {
			isa = PBXTargetDependency;
			name = QuickDialog;
			targetProxy = FA23C3BC154CA6E5002BF2D8 /* PBXContainerItemProxy */;
		};
/* End PBXTargetDependency section */

/* Begin PBXVariantGroup section */
		FA03D38B153F5F540065ECCF /* InfoPlist.strings */ = {
			isa = PBXVariantGroup;
			children = (
				FA03D38C153F5F540065ECCF /* en */,
			);
			name = InfoPlist.strings;
			sourceTree = "<group>";
		};
		FA03D39D153F5F540065ECCF /* MasterViewController.xib */ = {
			isa = PBXVariantGroup;
			children = (
				FA03D39E153F5F540065ECCF /* en */,
			);
			name = MasterViewController.xib;
			sourceTree = "<group>";
		};
		FA03D3A0153F5F540065ECCF /* DetailViewController.xib */ = {
			isa = PBXVariantGroup;
			children = (
				FA03D3A1153F5F540065ECCF /* en */,
			);
			name = DetailViewController.xib;
			sourceTree = "<group>";
		};
		FA03D3B3153F5F540065ECCF /* InfoPlist.strings */ = {
			isa = PBXVariantGroup;
			children = (
				FA03D3B4153F5F540065ECCF /* en */,
			);
			name = InfoPlist.strings;
			sourceTree = "<group>";
		};
/* End PBXVariantGroup section */

/* Begin XCBuildConfiguration section */
		FA03D3B9153F5F540065ECCF /* Debug */ = {
			isa = XCBuildConfiguration;
			buildSettings = {
				ALWAYS_SEARCH_USER_PATHS = YES;
				ARCHS = "$(ARCHS_STANDARD_32_BIT)";
				CLANG_ENABLE_OBJC_ARC = YES;
				"CODE_SIGN_IDENTITY[sdk=iphoneos*]" = "iPhone Developer";
				COPY_PHASE_STRIP = NO;
				GCC_C_LANGUAGE_STANDARD = gnu99;
				GCC_DYNAMIC_NO_PIC = NO;
				GCC_OPTIMIZATION_LEVEL = 0;
				GCC_PREPROCESSOR_DEFINITIONS = (
					"DEBUG=1",
					"$(inherited)",
				);
				GCC_SYMBOLS_PRIVATE_EXTERN = NO;
				GCC_VERSION = com.apple.compilers.llvm.clang.1_0;
				GCC_WARN_ABOUT_RETURN_TYPE = YES;
				GCC_WARN_UNINITIALIZED_AUTOS = YES;
				GCC_WARN_UNUSED_VARIABLE = YES;
				HEADER_SEARCH_PATHS = "\"${PROJECT_DIR}/QuickDialog\"";
				IPHONEOS_DEPLOYMENT_TARGET = 5.1;
				OTHER_LDFLAGS = "-ObjC";
				SDKROOT = iphoneos;
				TARGETED_DEVICE_FAMILY = 2;
			};
			name = Debug;
		};
		FA03D3BA153F5F540065ECCF /* Release */ = {
			isa = XCBuildConfiguration;
			buildSettings = {
				ALWAYS_SEARCH_USER_PATHS = YES;
				ARCHS = "$(ARCHS_STANDARD_32_BIT)";
				CLANG_ENABLE_OBJC_ARC = YES;
				"CODE_SIGN_IDENTITY[sdk=iphoneos*]" = "iPhone Developer";
				COPY_PHASE_STRIP = YES;
				GCC_C_LANGUAGE_STANDARD = gnu99;
				GCC_VERSION = com.apple.compilers.llvm.clang.1_0;
				GCC_WARN_ABOUT_RETURN_TYPE = YES;
				GCC_WARN_UNINITIALIZED_AUTOS = YES;
				GCC_WARN_UNUSED_VARIABLE = YES;
				HEADER_SEARCH_PATHS = "\"${PROJECT_DIR}/QuickDialog\"";
				IPHONEOS_DEPLOYMENT_TARGET = 5.1;
				OTHER_CFLAGS = "-DNS_BLOCK_ASSERTIONS=1";
				OTHER_LDFLAGS = "-ObjC";
				SDKROOT = iphoneos;
				TARGETED_DEVICE_FAMILY = 2;
				VALIDATE_PRODUCT = YES;
			};
			name = Release;
		};
		FA03D3BC153F5F540065ECCF /* Debug */ = {
			isa = XCBuildConfiguration;
			buildSettings = {
				GCC_PRECOMPILE_PREFIX_HEADER = YES;
				GCC_PREFIX_HEADER = "TicketManager/TicketManager-Prefix.pch";
				INFOPLIST_FILE = "TicketManager/TicketManager-Info.plist";
				PRODUCT_NAME = "$(TARGET_NAME)";
				WRAPPER_EXTENSION = app;
			};
			name = Debug;
		};
		FA03D3BD153F5F540065ECCF /* Release */ = {
			isa = XCBuildConfiguration;
			buildSettings = {
				GCC_PRECOMPILE_PREFIX_HEADER = YES;
				GCC_PREFIX_HEADER = "TicketManager/TicketManager-Prefix.pch";
				INFOPLIST_FILE = "TicketManager/TicketManager-Info.plist";
				PRODUCT_NAME = "$(TARGET_NAME)";
				WRAPPER_EXTENSION = app;
			};
			name = Release;
		};
		FA03D3BF153F5F540065ECCF /* Debug */ = {
			isa = XCBuildConfiguration;
			buildSettings = {
				BUNDLE_LOADER = "$(BUILT_PRODUCTS_DIR)/TicketManager.app/TicketManager";
				FRAMEWORK_SEARCH_PATHS = (
					"$(SDKROOT)/Developer/Library/Frameworks",
					"$(DEVELOPER_LIBRARY_DIR)/Frameworks",
				);
				GCC_PRECOMPILE_PREFIX_HEADER = YES;
				GCC_PREFIX_HEADER = "TicketManager/TicketManager-Prefix.pch";
				INFOPLIST_FILE = "TicketManagerTests/TicketManagerTests-Info.plist";
				PRODUCT_NAME = "$(TARGET_NAME)";
				TEST_HOST = "$(BUNDLE_LOADER)";
				WRAPPER_EXTENSION = octest;
			};
			name = Debug;
		};
		FA03D3C0153F5F540065ECCF /* Release */ = {
			isa = XCBuildConfiguration;
			buildSettings = {
				BUNDLE_LOADER = "$(BUILT_PRODUCTS_DIR)/TicketManager.app/TicketManager";
				FRAMEWORK_SEARCH_PATHS = (
					"$(SDKROOT)/Developer/Library/Frameworks",
					"$(DEVELOPER_LIBRARY_DIR)/Frameworks",
				);
				GCC_PRECOMPILE_PREFIX_HEADER = YES;
				GCC_PREFIX_HEADER = "TicketManager/TicketManager-Prefix.pch";
				INFOPLIST_FILE = "TicketManagerTests/TicketManagerTests-Info.plist";
				PRODUCT_NAME = "$(TARGET_NAME)";
				TEST_HOST = "$(BUNDLE_LOADER)";
				WRAPPER_EXTENSION = octest;
			};
			name = Release;
		};
		FA0F22F3153FD9540085BCAE /* Debug */ = {
			isa = XCBuildConfiguration;
			buildSettings = {
				PRODUCT_NAME = "$(TARGET_NAME)";
			};
			name = Debug;
		};
		FA0F22F4153FD9540085BCAE /* Release */ = {
			isa = XCBuildConfiguration;
			buildSettings = {
				PRODUCT_NAME = "$(TARGET_NAME)";
			};
			name = Release;
		};
/* End XCBuildConfiguration section */

/* Begin XCConfigurationList section */
		FA03D376153F5F540065ECCF /* Build configuration list for PBXProject "TicketManager" */ = {
			isa = XCConfigurationList;
			buildConfigurations = (
				FA03D3B9153F5F540065ECCF /* Debug */,
				FA03D3BA153F5F540065ECCF /* Release */,
			);
			defaultConfigurationIsVisible = 0;
			defaultConfigurationName = Release;
		};
		FA03D3BB153F5F540065ECCF /* Build configuration list for PBXNativeTarget "TicketManager" */ = {
			isa = XCConfigurationList;
			buildConfigurations = (
				FA03D3BC153F5F540065ECCF /* Debug */,
				FA03D3BD153F5F540065ECCF /* Release */,
			);
			defaultConfigurationIsVisible = 0;
			defaultConfigurationName = Release;
		};
		FA03D3BE153F5F540065ECCF /* Build configuration list for PBXNativeTarget "TicketManagerTests" */ = {
			isa = XCConfigurationList;
			buildConfigurations = (
				FA03D3BF153F5F540065ECCF /* Debug */,
				FA03D3C0153F5F540065ECCF /* Release */,
			);
			defaultConfigurationIsVisible = 0;
			defaultConfigurationName = Release;
		};
		FA0F22F2153FD9540085BCAE /* Build configuration list for PBXAggregateTarget "mogenerator" */ = {
			isa = XCConfigurationList;
			buildConfigurations = (
				FA0F22F3153FD9540085BCAE /* Debug */,
				FA0F22F4153FD9540085BCAE /* Release */,
			);
			defaultConfigurationIsVisible = 0;
			defaultConfigurationName = Release;
		};
/* End XCConfigurationList section */

/* Begin XCVersionGroup section */
		FA03D394153F5F540065ECCF /* TicketManager.xcdatamodeld */ = {
			isa = XCVersionGroup;
			children = (
				FA03D395153F5F540065ECCF /* TicketManager.xcdatamodel */,
			);
			currentVersion = FA03D395153F5F540065ECCF /* TicketManager.xcdatamodel */;
			path = TicketManager.xcdatamodeld;
			sourceTree = "<group>";
			versionGroupType = wrapper.xcdatamodel;
		};
/* End XCVersionGroup section */
	};
	rootObject = FA03D373153F5F540065ECCF /* Project object */;
}
